
Microsoft Visual Studio Solution File, Format Version 12.00
# Visual Studio Version 16
VisualStudioVersion = 16.0.30413.136
MinimumVisualStudioVersion = 10.0.40219.1
Project("{FAE04EC0-301F-11D3-BF4B-00C04F79EFBC}") = "Uri08", "Uri08\Uri08.csproj", "{DC5132DC-2EE9-4E6F-8FDB-36AE9B1BE055}"
EndProject
Global
	GlobalSection(SolutionConfigurationPlatforms) = preSolution
		Debug|Any CPU = Debug|Any CPU
		Release|Any CPU = Release|Any CPU
	EndGlobalSection
	GlobalSection(ProjectConfigurationPlatforms) = postSolution
		{DC5132DC-2EE9-4E6F-8FDB-36AE9B1BE055}.Debug|Any CPU.ActiveCfg = Debug|Any CPU
		{DC5132DC-2EE9-4E6F-8FDB-36AE9B1BE055}.Debug|Any CPU.Build.0 = Debug|Any CPU
		{DC5132DC-2EE9-4E6F-8FDB-36AE9B1BE055}.Release|Any CPU.ActiveCfg = Release|Any CPU
		{DC5132DC-2EE9-4E6F-8FDB-36AE9B1BE055}.Release|Any CPU.Build.0 = Release|Any CPU
	EndGlobalSection
	GlobalSection(SolutionProperties) = preSolution
		HideSolutionNode = FALSE
	EndGlobalSection
	GlobalSection(ExtensibilityGlobals) = postSolution
		SolutionGuid = {A0CF964E-3D07-45A6-B452-98F69F5AD287}
	EndGlobalSection
EndGlobal
